{
  "name": "blog-fable",
  "version": "1.0.0",
  "lockfileVersion": 3,
  "requires": true,
  "packages": {
    "": {
      "version": "1.0.0",
      "hasInstallScript": true,
      "devDependencies": {
        "@types/highlightjs": "^9.12.2",
        "@types/marked": "^4.3.0",
        "highlight.js": "^11.7.0",
        "marked": "^4.3.0",
        "marked-highlight": "^1.0.1",
        "react": "^18.2.0",
        "react-dom": "^18.2.0",
        "ts2fable": "^0.7.1",
        "yaml": "^2.2.2"
      }
    },
    "node_modules/@types/highlightjs": {
      "version": "9.12.2",
      "resolved": "https://registry.npmjs.org/@types/highlightjs/-/highlightjs-9.12.2.tgz",
      "integrity": "sha512-oW2pEKwshxwBW1nVUizWQg/tnhboRtKrUKnF2hd6l4BZ0shr5ZjQ4ra/82+NEH6uWeM8JjrMGCux5enQXOQbTA==",
      "dev": true
    },
    "node_modules/@types/marked": {
      "version": "4.3.0",
      "resolved": "https://registry.npmjs.org/@types/marked/-/marked-4.3.0.tgz",
      "integrity": "sha512-zK4gSFMjgslsv5Lyvr3O1yCjgmnE4pr8jbG8qVn4QglMwtpvPCf4YT2Wma7Nk95OxUUJI8Z+kzdXohbM7mVpGw==",
      "dev": true
    },
    "node_modules/highlight.js": {
      "version": "11.7.0",
      "resolved": "https://registry.npmjs.org/highlight.js/-/highlight.js-11.7.0.tgz",
      "integrity": "sha512-1rRqesRFhMO/PRF+G86evnyJkCgaZFOI+Z6kdj15TA18funfoqJXvgPCLSf0SWq3SRfg1j3HlDs8o4s3EGq1oQ==",
      "dev": true,
      "engines": {
        "node": ">=12.0.0"
      }
    },
    "node_modules/js-tokens": {
      "version": "4.0.0",
      "resolved": "https://registry.npmjs.org/js-tokens/-/js-tokens-4.0.0.tgz",
      "integrity": "sha512-RdJUflcE3cUzKiMqQgsCu06FPu9UdIJO0beYbPhHN4k6apgJtifcoCtT9bcxOpYBtpD2kCM6Sbzg4CausW/PKQ==",
      "dev": true
    },
    "node_modules/loose-envify": {
      "version": "1.4.0",
      "resolved": "https://registry.npmjs.org/loose-envify/-/loose-envify-1.4.0.tgz",
      "integrity": "sha512-lyuxPGr/Wfhrlem2CL/UcnUc1zcqKAImBDzukY7Y5F/yQiNdko6+fRLevlw1HgMySw7f611UIY408EtxRSoK3Q==",
      "dev": true,
      "dependencies": {
        "js-tokens": "^3.0.0 || ^4.0.0"
      },
      "bin": {
        "loose-envify": "cli.js"
      }
    },
    "node_modules/marked": {
      "version": "4.3.0",
      "resolved": "https://registry.npmjs.org/marked/-/marked-4.3.0.tgz",
      "integrity": "sha512-PRsaiG84bK+AMvxziE/lCFss8juXjNaWzVbN5tXAm4XjeaS9NAHhop+PjQxz2A9h8Q4M/xGmzP8vqNwy6JeK0A==",
      "dev": true,
      "bin": {
        "marked": "bin/marked.js"
      },
      "engines": {
        "node": ">= 12"
      }
    },
    "node_modules/marked-highlight": {
      "version": "1.0.1",
      "resolved": "https://registry.npmjs.org/marked-highlight/-/marked-highlight-1.0.1.tgz",
      "integrity": "sha512-dL9nk6dDRJ0BiSfhEilY0SWGgAgJTea9BY80rVHSEeZCECIqR3ytkvQEhlDYV7eOJ03GUUlqYcCtJKkymVMj8A==",
      "dev": true,
      "peerDependencies": {
        "marked": "^4 || ^5"
      }
    },
    "node_modules/react": {
      "version": "18.2.0",
      "resolved": "https://registry.npmjs.org/react/-/react-18.2.0.tgz",
      "integrity": "sha512-/3IjMdb2L9QbBdWiW5e3P2/npwMBaU9mHCSCUzNln0ZCYbcfTsGbTJrU/kGemdH2IWmB2ioZ+zkxtmq6g09fGQ==",
      "dev": true,
      "dependencies": {
        "loose-envify": "^1.1.0"
      },
      "engines": {
        "node": ">=0.10.0"
      }
    },
    "node_modules/react-dom": {
      "version": "18.2.0",
      "resolved": "https://registry.npmjs.org/react-dom/-/react-dom-18.2.0.tgz",
      "integrity": "sha512-6IMTriUmvsjHUjNtEDudZfuDQUoWXVxKHhlEGSk81n4YFS+r/Kl99wXiwlVXtPBtJenozv2P+hxDsw9eA7Xo6g==",
      "dev": true,
      "dependencies": {
        "loose-envify": "^1.1.0",
        "scheduler": "^0.23.0"
      },
      "peerDependencies": {
        "react": "^18.2.0"
      }
    },
    "node_modules/scheduler": {
      "version": "0.23.0",
      "resolved": "https://registry.npmjs.org/scheduler/-/scheduler-0.23.0.tgz",
      "integrity": "sha512-CtuThmgHNg7zIZWAXi3AsyIzA3n4xx7aNyjwC2VJldO2LMVDhFK+63xGqq6CsJH4rTAt6/M+N4GhZiDYPx9eUw==",
      "dev": true,
      "dependencies": {
        "loose-envify": "^1.1.0"
      }
    },
    "node_modules/ts2fable": {
      "version": "0.7.1",
      "resolved": "https://registry.npmjs.org/ts2fable/-/ts2fable-0.7.1.tgz",
      "integrity": "sha512-4CiCzuWF9ueSLlr+OozcwaehhCno1frnPZbHM7Jd4EfKzSlHk3hyjrhFKttnXQ2Sx0tGe8C4xwjDhnZaOSqFkw==",
      "dev": true,
      "dependencies": {
        "typescript": "3.7.4"
      },
      "bin": {
        "ts2fable": "dist/ts2fable.js"
      }
    },
    "node_modules/typescript": {
      "version": "3.7.4",
      "resolved": "https://registry.npmjs.org/typescript/-/typescript-3.7.4.tgz",
      "integrity": "sha512-A25xv5XCtarLwXpcDNZzCGvW2D1S3/bACratYBx2sax8PefsFhlYmkQicKHvpYflFS8if4zne5zT5kpJ7pzuvw==",
      "dev": true,
      "bin": {
        "tsc": "bin/tsc",
        "tsserver": "bin/tsserver"
      },
      "engines": {
        "node": ">=4.2.0"
      }
    },
    "node_modules/yaml": {
      "version": "2.2.2",
      "resolved": "https://registry.npmjs.org/yaml/-/yaml-2.2.2.tgz",
      "integrity": "sha512-CBKFWExMn46Foo4cldiChEzn7S7SRV+wqiluAb6xmueD/fGyRHIhX8m14vVGgeFWjN540nKCNVj6P21eQjgTuA==",
      "dev": true,
      "engines": {
        "node": ">= 14"
      }
    }
  }
}
